
Microsoft Visual Studio Solution File, Format Version 12.00
# Visual Studio Version 16
VisualStudioVersion = 16.0.29215.179
MinimumVisualStudioVersion = 10.0.40219.1
Project("{FAE04EC0-301F-11D3-BF4B-00C04F79EFBC}") = "TerminatorsApp", "TerminatorsApp.csproj", "{1DC08E45-EA8A-470C-9546-9BBE8ECE3E26}"
EndProject
Project("{FAE04EC0-301F-11D3-BF4B-00C04F79EFBC}") = "TerminatorsModel", "..\TerminatorsModel\TerminatorsModel.csproj", "{52197DEC-25DA-4C99-A51A-4679D89FEF9D}"
EndProject
Global
	GlobalSection(SolutionConfigurationPlatforms) = preSolution
		Debug|Any CPU = Debug|Any CPU
		Release|Any CPU = Release|Any CPU
	EndGlobalSection
	GlobalSection(ProjectConfigurationPlatforms) = postSolution
		{1DC08E45-EA8A-470C-9546-9BBE8ECE3E26}.Debug|Any CPU.ActiveCfg = Debug|Any CPU
		{1DC08E45-EA8A-470C-9546-9BBE8ECE3E26}.Debug|Any CPU.Build.0 = Debug|Any CPU
		{1DC08E45-EA8A-470C-9546-9BBE8ECE3E26}.Release|Any CPU.ActiveCfg = Release|Any CPU
		{1DC08E45-EA8A-470C-9546-9BBE8ECE3E26}.Release|Any CPU.Build.0 = Release|Any CPU
		{52197DEC-25DA-4C99-A51A-4679D89FEF9D}.Debug|Any CPU.ActiveCfg = Debug|Any CPU
		{52197DEC-25DA-4C99-A51A-4679D89FEF9D}.Debug|Any CPU.Build.0 = Debug|Any CPU
		{52197DEC-25DA-4C99-A51A-4679D89FEF9D}.Release|Any CPU.ActiveCfg = Release|Any CPU
		{52197DEC-25DA-4C99-A51A-4679D89FEF9D}.Release|Any CPU.Build.0 = Release|Any CPU
	EndGlobalSection
	GlobalSection(SolutionProperties) = preSolution
		HideSolutionNode = FALSE
	EndGlobalSection
	GlobalSection(ExtensibilityGlobals) = postSolution
		SolutionGuid = {48635BF8-716B-40E3-B83E-428FF840A646}
	EndGlobalSection
EndGlobal
